
Microsoft Visual Studio Solution File, Format Version 12.00
# Visual Studio Version 17
VisualStudioVersion = 17.14.36915.13 d17.14
MinimumVisualStudioVersion = 10.0.40219.1
Project("{FAE04EC0-301F-11D3-BF4B-00C04F79EFBC}") = "SistemaEmpleados", "SistemaEmpleados\SistemaEmpleados.csproj", "{988BDB13-D445-49EE-84FB-4DE42DCCFB9D}"
EndProject
Global
	GlobalSection(SolutionConfigurationPlatforms) = preSolution
		Debug|Any CPU = Debug|Any CPU
		Release|Any CPU = Release|Any CPU
	EndGlobalSection
	GlobalSection(ProjectConfigurationPlatforms) = postSolution
		{988BDB13-D445-49EE-84FB-4DE42DCCFB9D}.Debug|Any CPU.ActiveCfg = Debug|Any CPU
		{988BDB13-D445-49EE-84FB-4DE42DCCFB9D}.Debug|Any CPU.Build.0 = Debug|Any CPU
		{988BDB13-D445-49EE-84FB-4DE42DCCFB9D}.Release|Any CPU.ActiveCfg = Release|Any CPU
		{988BDB13-D445-49EE-84FB-4DE42DCCFB9D}.Release|Any CPU.Build.0 = Release|Any CPU
	EndGlobalSection
	GlobalSection(SolutionProperties) = preSolution
		HideSolutionNode = FALSE
	EndGlobalSection
	GlobalSection(ExtensibilityGlobals) = postSolution
		SolutionGuid = {C8850738-6F65-482D-853D-0BECB087040F}
	EndGlobalSection
EndGlobal
